
Microsoft Visual Studio Solution File, Format Version 12.00
# Visual Studio Version 17
VisualStudioVersion = 17.0.31903.59
MinimumVisualStudioVersion = 10.0.40219.1
Project("{FAE04EC0-301F-11D3-BF4B-00C04F79EFBC}") = "FightingGuys.Core", "FightingGuys.Core\FightingGuys.Core.csproj", "{0F60FD2A-AA59-46B3-98E2-682E9FD304C0}"
EndProject
Project("{FAE04EC0-301F-11D3-BF4B-00C04F79EFBC}") = "FightingGuys.Wpf", "FightingGuys.Wpf\FightingGuys.Wpf.csproj", "{BF6C9C02-5248-44CA-9971-49952A184399}"
EndProject
Global
	GlobalSection(SolutionConfigurationPlatforms) = preSolution
		Debug|Any CPU = Debug|Any CPU
		Release|Any CPU = Release|Any CPU
	EndGlobalSection
	GlobalSection(SolutionProperties) = preSolution
		HideSolutionNode = FALSE
	EndGlobalSection
	GlobalSection(ProjectConfigurationPlatforms) = postSolution
		{0F60FD2A-AA59-46B3-98E2-682E9FD304C0}.Debug|Any CPU.ActiveCfg = Debug|Any CPU
		{0F60FD2A-AA59-46B3-98E2-682E9FD304C0}.Debug|Any CPU.Build.0 = Debug|Any CPU
		{0F60FD2A-AA59-46B3-98E2-682E9FD304C0}.Release|Any CPU.ActiveCfg = Release|Any CPU
		{0F60FD2A-AA59-46B3-98E2-682E9FD304C0}.Release|Any CPU.Build.0 = Release|Any CPU
		{BF6C9C02-5248-44CA-9971-49952A184399}.Debug|Any CPU.ActiveCfg = Debug|Any CPU
		{BF6C9C02-5248-44CA-9971-49952A184399}.Debug|Any CPU.Build.0 = Debug|Any CPU
		{BF6C9C02-5248-44CA-9971-49952A184399}.Release|Any CPU.ActiveCfg = Release|Any CPU
		{BF6C9C02-5248-44CA-9971-49952A184399}.Release|Any CPU.Build.0 = Release|Any CPU
	EndGlobalSection
EndGlobal
